
Microsoft Visual Studio Solution File, Format Version 12.00
# Visual Studio Version 17
VisualStudioVersion = 17.4.33122.133
MinimumVisualStudioVersion = 10.0.40219.1
Project("{9A19103F-16F7-4668-BE54-9A1E7A4F7556}") = "ProductManager", "ProductManager\ProductManager.csproj", "{D2DC5E11-E1AB-45AE-9829-E8A459AC78E6}"
	ProjectSection(ProjectDependencies) = postProject
		{76618BDE-1E70-48DC-ABCB-A8E97686A5A8} = {76618BDE-1E70-48DC-ABCB-A8E97686A5A8}
		{C8E96CD9-B3A5-498C-A223-1CAA858BB5B4} = {C8E96CD9-B3A5-498C-A223-1CAA858BB5B4}
	EndProjectSection
EndProject
Project("{2150E333-8FDC-42A3-9474-1A3956D46DE8}") = "1.0 - Presentation", "1.0 - Presentation", "{27C9CBC9-768A-4A5B-A919-69D59219D296}"
EndProject
Project("{2150E333-8FDC-42A3-9474-1A3956D46DE8}") = "2.0 - Application", "2.0 - Application", "{C36D1C83-43D2-4D62-8F76-46F374D42819}"
EndProject
Project("{2150E333-8FDC-42A3-9474-1A3956D46DE8}") = "3.0 - Domain", "3.0 - Domain", "{AEDE3D27-139A-4CF4-A37C-3AC9107A557F}"
EndProject
Project("{2150E333-8FDC-42A3-9474-1A3956D46DE8}") = "4.0 - Infrastructure", "4.0 - Infrastructure", "{01F391EA-449E-47E0-8AEB-42F7B5DBFD71}"
EndProject
Project("{FAE04EC0-301F-11D3-BF4B-00C04F79EFBC}") = "ProductManager.Domain", "ProductManager.Domain\ProductManager.Domain.csproj", "{C8E96CD9-B3A5-498C-A223-1CAA858BB5B4}"
EndProject
Project("{FAE04EC0-301F-11D3-BF4B-00C04F79EFBC}") = "ProductManager.Domain.Core", "ProductManager.Domain.Core\ProductManager.Domain.Core.csproj", "{76618BDE-1E70-48DC-ABCB-A8E97686A5A8}"
EndProject
Project("{FAE04EC0-301F-11D3-BF4B-00C04F79EFBC}") = "ProductManager.Domain.Services", "ProductManager.Domain.Services\ProductManager.Domain.Services.csproj", "{E4856595-845C-44E8-B225-0E34942CF2D6}"
EndProject
Global
	GlobalSection(SolutionConfigurationPlatforms) = preSolution
		Debug|Any CPU = Debug|Any CPU
		Release|Any CPU = Release|Any CPU
	EndGlobalSection
	GlobalSection(ProjectConfigurationPlatforms) = postSolution
		{D2DC5E11-E1AB-45AE-9829-E8A459AC78E6}.Debug|Any CPU.ActiveCfg = Debug|Any CPU
		{D2DC5E11-E1AB-45AE-9829-E8A459AC78E6}.Debug|Any CPU.Build.0 = Debug|Any CPU
		{D2DC5E11-E1AB-45AE-9829-E8A459AC78E6}.Release|Any CPU.ActiveCfg = Release|Any CPU
		{D2DC5E11-E1AB-45AE-9829-E8A459AC78E6}.Release|Any CPU.Build.0 = Release|Any CPU
		{C8E96CD9-B3A5-498C-A223-1CAA858BB5B4}.Debug|Any CPU.ActiveCfg = Debug|Any CPU
		{C8E96CD9-B3A5-498C-A223-1CAA858BB5B4}.Debug|Any CPU.Build.0 = Debug|Any CPU
		{C8E96CD9-B3A5-498C-A223-1CAA858BB5B4}.Release|Any CPU.ActiveCfg = Release|Any CPU
		{C8E96CD9-B3A5-498C-A223-1CAA858BB5B4}.Release|Any CPU.Build.0 = Release|Any CPU
		{76618BDE-1E70-48DC-ABCB-A8E97686A5A8}.Debug|Any CPU.ActiveCfg = Debug|Any CPU
		{76618BDE-1E70-48DC-ABCB-A8E97686A5A8}.Debug|Any CPU.Build.0 = Debug|Any CPU
		{76618BDE-1E70-48DC-ABCB-A8E97686A5A8}.Release|Any CPU.ActiveCfg = Release|Any CPU
		{76618BDE-1E70-48DC-ABCB-A8E97686A5A8}.Release|Any CPU.Build.0 = Release|Any CPU
		{E4856595-845C-44E8-B225-0E34942CF2D6}.Debug|Any CPU.ActiveCfg = Debug|Any CPU
		{E4856595-845C-44E8-B225-0E34942CF2D6}.Debug|Any CPU.Build.0 = Debug|Any CPU
		{E4856595-845C-44E8-B225-0E34942CF2D6}.Release|Any CPU.ActiveCfg = Release|Any CPU
		{E4856595-845C-44E8-B225-0E34942CF2D6}.Release|Any CPU.Build.0 = Release|Any CPU
	EndGlobalSection
	GlobalSection(SolutionProperties) = preSolution
		HideSolutionNode = FALSE
	EndGlobalSection
	GlobalSection(NestedProjects) = preSolution
		{C8E96CD9-B3A5-498C-A223-1CAA858BB5B4} = {AEDE3D27-139A-4CF4-A37C-3AC9107A557F}
		{76618BDE-1E70-48DC-ABCB-A8E97686A5A8} = {AEDE3D27-139A-4CF4-A37C-3AC9107A557F}
		{E4856595-845C-44E8-B225-0E34942CF2D6} = {AEDE3D27-139A-4CF4-A37C-3AC9107A557F}
	EndGlobalSection
	GlobalSection(ExtensibilityGlobals) = postSolution
		SolutionGuid = {231FE7F9-42B9-4812-8E9E-23D64D56904F}
	EndGlobalSection
EndGlobal
